
Microsoft Visual Studio Solution File, Format Version 12.00
# Visual Studio Version 16
VisualStudioVersion = 16.0.30011.22
MinimumVisualStudioVersion = 10.0.40219.1
Project("{FAE04EC0-301F-11D3-BF4B-00C04F79EFBC}") = "GestContact", "GestContact\GestContact.csproj", "{C6C2EFE9-33C3-4E19-A000-F59E0FE56A5C}"
EndProject
Project("{00D1A9C2-B5F0-4AF3-8072-F6C62B433612}") = "DBContact", "DBContact\DBContact.sqlproj", "{652B617F-4320-432E-8ABD-DD84BEF945C8}"
EndProject
Project("{9A19103F-16F7-4668-BE54-9A1E7A4F7556}") = "DAL", "DAL\DAL.csproj", "{4A7589F0-3180-44DD-88F5-36334B49F0E9}"
EndProject
Project("{FAE04EC0-301F-11D3-BF4B-00C04F79EFBC}") = "ModelLocal", "ModelLocal\ModelLocal.csproj", "{BA457B2A-AFCC-40C7-AA6D-B64CB3D74A7B}"
EndProject
Global
	GlobalSection(SolutionConfigurationPlatforms) = preSolution
		Debug|Any CPU = Debug|Any CPU
		Release|Any CPU = Release|Any CPU
	EndGlobalSection
	GlobalSection(ProjectConfigurationPlatforms) = postSolution
		{C6C2EFE9-33C3-4E19-A000-F59E0FE56A5C}.Debug|Any CPU.ActiveCfg = Debug|Any CPU
		{C6C2EFE9-33C3-4E19-A000-F59E0FE56A5C}.Debug|Any CPU.Build.0 = Debug|Any CPU
		{C6C2EFE9-33C3-4E19-A000-F59E0FE56A5C}.Release|Any CPU.ActiveCfg = Release|Any CPU
		{C6C2EFE9-33C3-4E19-A000-F59E0FE56A5C}.Release|Any CPU.Build.0 = Release|Any CPU
		{652B617F-4320-432E-8ABD-DD84BEF945C8}.Debug|Any CPU.ActiveCfg = Debug|Any CPU
		{652B617F-4320-432E-8ABD-DD84BEF945C8}.Debug|Any CPU.Build.0 = Debug|Any CPU
		{652B617F-4320-432E-8ABD-DD84BEF945C8}.Debug|Any CPU.Deploy.0 = Debug|Any CPU
		{652B617F-4320-432E-8ABD-DD84BEF945C8}.Release|Any CPU.ActiveCfg = Release|Any CPU
		{652B617F-4320-432E-8ABD-DD84BEF945C8}.Release|Any CPU.Build.0 = Release|Any CPU
		{652B617F-4320-432E-8ABD-DD84BEF945C8}.Release|Any CPU.Deploy.0 = Release|Any CPU
		{4A7589F0-3180-44DD-88F5-36334B49F0E9}.Debug|Any CPU.ActiveCfg = Debug|Any CPU
		{4A7589F0-3180-44DD-88F5-36334B49F0E9}.Debug|Any CPU.Build.0 = Debug|Any CPU
		{4A7589F0-3180-44DD-88F5-36334B49F0E9}.Release|Any CPU.ActiveCfg = Release|Any CPU
		{4A7589F0-3180-44DD-88F5-36334B49F0E9}.Release|Any CPU.Build.0 = Release|Any CPU
		{BA457B2A-AFCC-40C7-AA6D-B64CB3D74A7B}.Debug|Any CPU.ActiveCfg = Debug|Any CPU
		{BA457B2A-AFCC-40C7-AA6D-B64CB3D74A7B}.Debug|Any CPU.Build.0 = Debug|Any CPU
		{BA457B2A-AFCC-40C7-AA6D-B64CB3D74A7B}.Release|Any CPU.ActiveCfg = Release|Any CPU
		{BA457B2A-AFCC-40C7-AA6D-B64CB3D74A7B}.Release|Any CPU.Build.0 = Release|Any CPU
	EndGlobalSection
	GlobalSection(SolutionProperties) = preSolution
		HideSolutionNode = FALSE
	EndGlobalSection
	GlobalSection(ExtensibilityGlobals) = postSolution
		SolutionGuid = {4F11A31D-5549-446F-A377-349B104638A4}
	EndGlobalSection
EndGlobal
